
Microsoft Visual Studio Solution File, Format Version 12.00
# Visual Studio Version 17
VisualStudioVersion = 17.0.32014.148
MinimumVisualStudioVersion = 10.0.40219.1
Project("{FAE04EC0-301F-11D3-BF4B-00C04F79EFBC}") = "backlog", "backlog\backlog.csproj", "{147688A8-D934-41C9-8620-D0A9B392856C}"
EndProject
Project("{D954291E-2A0B-460D-934E-DC6B0785DB48}") = "Backlogs.Shared", "Backlogs\Backlogs.Shared\Backlogs.Shared.shproj", "{6279C845-92F8-4333-AB99-3D213163593C}"
EndProject
Project("{2150E333-8FDC-42A3-9474-1A3956D46DE8}") = "Platforms", "Platforms", "{2EAF4A4A-0A03-4CD4-BC16-041E93C8EBF4}"
EndProject
Project("{FAE04EC0-301F-11D3-BF4B-00C04F79EFBC}") = "Backlogs.Droid", "Backlogs\Backlogs.Droid\Backlogs.Droid.csproj", "{544064AE-0562-4F19-A4C0-0EA83CD0727A}"
EndProject
Project("{FAE04EC0-301F-11D3-BF4B-00C04F79EFBC}") = "Backlogs.iOS", "Backlogs\Backlogs.iOS\Backlogs.iOS.csproj", "{FBA52A27-C378-406D-96A8-06C59EA9D535}"
EndProject
Project("{FAE04EC0-301F-11D3-BF4B-00C04F79EFBC}") = "Backlogs.UWP", "Backlogs\Backlogs.UWP\Backlogs.UWP.csproj", "{16BCE969-7029-4766-8A29-6B983186CFF2}"
EndProject
Project("{FAE04EC0-301F-11D3-BF4B-00C04F79EFBC}") = "Backlogs.Wasm", "Backlogs\Backlogs.Wasm\Backlogs.Wasm.csproj", "{6EA96D74-8E0D-4F99-9EBC-169B10FCFAB4}"
EndProject
Project("{FAE04EC0-301F-11D3-BF4B-00C04F79EFBC}") = "Backlogs.macOS", "Backlogs\Backlogs.macOS\Backlogs.macOS.csproj", "{A931EB5F-5388-4A8F-A704-E55A69BE0E3D}"
EndProject
Project("{FAE04EC0-301F-11D3-BF4B-00C04F79EFBC}") = "Backlogs.Skia.Wpf.Host", "Backlogs\Backlogs.Skia.Wpf.Host\Backlogs.Skia.Wpf.Host.csproj", "{052A0660-04E1-48AF-A3E6-7E1CA22C8A02}"
EndProject
Project("{FAE04EC0-301F-11D3-BF4B-00C04F79EFBC}") = "Backlogs.Skia.Wpf", "Backlogs\Backlogs.Skia.Wpf\Backlogs.Skia.Wpf.csproj", "{B1511033-C332-4230-B3F5-AD66C8D8CE6C}"
EndProject
Project("{FAE04EC0-301F-11D3-BF4B-00C04F79EFBC}") = "Backlogs.Skia.Gtk", "Backlogs\Backlogs.Skia.Gtk\Backlogs.Skia.Gtk.csproj", "{B394F474-FB68-4A23-B755-359D7BD3DD07}"
EndProject
Project("{FAE04EC0-301F-11D3-BF4B-00C04F79EFBC}") = "Backlogs.Skia.Tizen", "Backlogs\Backlogs.Skia.Tizen\Backlogs.Skia.Tizen.csproj", "{D8D845C2-BAB9-4897-A7E1-8F24124300D2}"
EndProject
Global
	GlobalSection(SharedMSBuildProjectFiles) = preSolution
		Backlogs\Backlogs.Shared\Backlogs.Shared.projitems*{16bce969-7029-4766-8a29-6b983186cff2}*SharedItemsImports = 4
		Backlogs\Backlogs.Shared\Backlogs.Shared.projitems*{544064ae-0562-4f19-a4c0-0ea83cd0727a}*SharedItemsImports = 4
		Backlogs\Backlogs.Shared\Backlogs.Shared.projitems*{6279c845-92f8-4333-ab99-3d213163593c}*SharedItemsImports = 13
		Backlogs\Backlogs.Shared\Backlogs.Shared.projitems*{6ea96d74-8e0d-4f99-9ebc-169b10fcfab4}*SharedItemsImports = 5
		Backlogs\Backlogs.Shared\Backlogs.Shared.projitems*{a931eb5f-5388-4a8f-a704-e55a69be0e3d}*SharedItemsImports = 4
		Backlogs\Backlogs.Shared\Backlogs.Shared.projitems*{b1511033-c332-4230-b3f5-ad66c8d8ce6c}*SharedItemsImports = 5
		Backlogs\Backlogs.Shared\Backlogs.Shared.projitems*{b394f474-fb68-4a23-b755-359d7bd3dd07}*SharedItemsImports = 5
		Backlogs\Backlogs.Shared\Backlogs.Shared.projitems*{d8d845c2-bab9-4897-a7e1-8f24124300d2}*SharedItemsImports = 5
		Backlogs\Backlogs.Shared\Backlogs.Shared.projitems*{fba52a27-c378-406d-96a8-06c59ea9d535}*SharedItemsImports = 4
	EndGlobalSection
	GlobalSection(SolutionConfigurationPlatforms) = preSolution
		Ad-Hoc|Any CPU = Ad-Hoc|Any CPU
		Ad-Hoc|ARM = Ad-Hoc|ARM
		Ad-Hoc|ARM64 = Ad-Hoc|ARM64
		Ad-Hoc|iPhone = Ad-Hoc|iPhone
		Ad-Hoc|iPhoneSimulator = Ad-Hoc|iPhoneSimulator
		Ad-Hoc|x64 = Ad-Hoc|x64
		Ad-Hoc|x86 = Ad-Hoc|x86
		AppStore|Any CPU = AppStore|Any CPU
		AppStore|ARM = AppStore|ARM
		AppStore|ARM64 = AppStore|ARM64
		AppStore|iPhone = AppStore|iPhone
		AppStore|iPhoneSimulator = AppStore|iPhoneSimulator
		AppStore|x64 = AppStore|x64
		AppStore|x86 = AppStore|x86
		Debug|Any CPU = Debug|Any CPU
		Debug|ARM = Debug|ARM
		Debug|ARM64 = Debug|ARM64
		Debug|iPhone = Debug|iPhone
		Debug|iPhoneSimulator = Debug|iPhoneSimulator
		Debug|x64 = Debug|x64
		Debug|x86 = Debug|x86
		Release|Any CPU = Release|Any CPU
		Release|ARM = Release|ARM
		Release|ARM64 = Release|ARM64
		Release|iPhone = Release|iPhone
		Release|iPhoneSimulator = Release|iPhoneSimulator
		Release|x64 = Release|x64
		Release|x86 = Release|x86
	EndGlobalSection
	GlobalSection(ProjectConfigurationPlatforms) = postSolution
		{147688A8-D934-41C9-8620-D0A9B392856C}.Ad-Hoc|Any CPU.ActiveCfg = Release|x86
		{147688A8-D934-41C9-8620-D0A9B392856C}.Ad-Hoc|Any CPU.Build.0 = Release|x86
		{147688A8-D934-41C9-8620-D0A9B392856C}.Ad-Hoc|Any CPU.Deploy.0 = Release|x86
		{147688A8-D934-41C9-8620-D0A9B392856C}.Ad-Hoc|ARM.ActiveCfg = Release|ARM
		{147688A8-D934-41C9-8620-D0A9B392856C}.Ad-Hoc|ARM.Build.0 = Release|ARM
		{147688A8-D934-41C9-8620-D0A9B392856C}.Ad-Hoc|ARM.Deploy.0 = Release|ARM
		{147688A8-D934-41C9-8620-D0A9B392856C}.Ad-Hoc|ARM64.ActiveCfg = Release|ARM64
		{147688A8-D934-41C9-8620-D0A9B392856C}.Ad-Hoc|ARM64.Build.0 = Release|ARM64
		{147688A8-D934-41C9-8620-D0A9B392856C}.Ad-Hoc|ARM64.Deploy.0 = Release|ARM64
		{147688A8-D934-41C9-8620-D0A9B392856C}.Ad-Hoc|iPhone.ActiveCfg = Release|x86
		{147688A8-D934-41C9-8620-D0A9B392856C}.Ad-Hoc|iPhone.Build.0 = Release|x86
		{147688A8-D934-41C9-8620-D0A9B392856C}.Ad-Hoc|iPhone.Deploy.0 = Release|x86
		{147688A8-D934-41C9-8620-D0A9B392856C}.Ad-Hoc|iPhoneSimulator.ActiveCfg = Release|x86
		{147688A8-D934-41C9-8620-D0A9B392856C}.Ad-Hoc|iPhoneSimulator.Build.0 = Release|x86
		{147688A8-D934-41C9-8620-D0A9B392856C}.Ad-Hoc|iPhoneSimulator.Deploy.0 = Release|x86
		{147688A8-D934-41C9-8620-D0A9B392856C}.Ad-Hoc|x64.ActiveCfg = Release|x64
		{147688A8-D934-41C9-8620-D0A9B392856C}.Ad-Hoc|x64.Build.0 = Release|x64
		{147688A8-D934-41C9-8620-D0A9B392856C}.Ad-Hoc|x64.Deploy.0 = Release|x64
		{147688A8-D934-41C9-8620-D0A9B392856C}.Ad-Hoc|x86.ActiveCfg = Release|x86
		{147688A8-D934-41C9-8620-D0A9B392856C}.Ad-Hoc|x86.Build.0 = Release|x86
		{147688A8-D934-41C9-8620-D0A9B392856C}.Ad-Hoc|x86.Deploy.0 = Release|x86
		{147688A8-D934-41C9-8620-D0A9B392856C}.AppStore|Any CPU.ActiveCfg = Release|x86
		{147688A8-D934-41C9-8620-D0A9B392856C}.AppStore|Any CPU.Build.0 = Release|x86
		{147688A8-D934-41C9-8620-D0A9B392856C}.AppStore|Any CPU.Deploy.0 = Release|x86
		{147688A8-D934-41C9-8620-D0A9B392856C}.AppStore|ARM.ActiveCfg = Release|ARM
		{147688A8-D934-41C9-8620-D0A9B392856C}.AppStore|ARM.Build.0 = Release|ARM
		{147688A8-D934-41C9-8620-D0A9B392856C}.AppStore|ARM.Deploy.0 = Release|ARM
		{147688A8-D934-41C9-8620-D0A9B392856C}.AppStore|ARM64.ActiveCfg = Release|ARM64
		{147688A8-D934-41C9-8620-D0A9B392856C}.AppStore|ARM64.Build.0 = Release|ARM64
		{147688A8-D934-41C9-8620-D0A9B392856C}.AppStore|ARM64.Deploy.0 = Release|ARM64
		{147688A8-D934-41C9-8620-D0A9B392856C}.AppStore|iPhone.ActiveCfg = Release|x86
		{147688A8-D934-41C9-8620-D0A9B392856C}.AppStore|iPhone.Build.0 = Release|x86
		{147688A8-D934-41C9-8620-D0A9B392856C}.AppStore|iPhone.Deploy.0 = Release|x86
		{147688A8-D934-41C9-8620-D0A9B392856C}.AppStore|iPhoneSimulator.ActiveCfg = Release|x86
		{147688A8-D934-41C9-8620-D0A9B392856C}.AppStore|iPhoneSimulator.Build.0 = Release|x86
		{147688A8-D934-41C9-8620-D0A9B392856C}.AppStore|iPhoneSimulator.Deploy.0 = Release|x86
		{147688A8-D934-41C9-8620-D0A9B392856C}.AppStore|x64.ActiveCfg = Release|x64
		{147688A8-D934-41C9-8620-D0A9B392856C}.AppStore|x64.Build.0 = Release|x64
		{147688A8-D934-41C9-8620-D0A9B392856C}.AppStore|x64.Deploy.0 = Release|x64
		{147688A8-D934-41C9-8620-D0A9B392856C}.AppStore|x86.ActiveCfg = Release|x86
		{147688A8-D934-41C9-8620-D0A9B392856C}.AppStore|x86.Build.0 = Release|x86
		{147688A8-D934-41C9-8620-D0A9B392856C}.AppStore|x86.Deploy.0 = Release|x86
		{147688A8-D934-41C9-8620-D0A9B392856C}.Debug|Any CPU.ActiveCfg = Debug|x64
		{147688A8-D934-41C9-8620-D0A9B392856C}.Debug|Any CPU.Build.0 = Debug|x64
		{147688A8-D934-41C9-8620-D0A9B392856C}.Debug|Any CPU.Deploy.0 = Debug|x64
		{147688A8-D934-41C9-8620-D0A9B392856C}.Debug|ARM.ActiveCfg = Debug|ARM
		{147688A8-D934-41C9-8620-D0A9B392856C}.Debug|ARM.Build.0 = Debug|ARM
		{147688A8-D934-41C9-8620-D0A9B392856C}.Debug|ARM.Deploy.0 = Debug|ARM
		{147688A8-D934-41C9-8620-D0A9B392856C}.Debug|ARM64.ActiveCfg = Debug|ARM64
		{147688A8-D934-41C9-8620-D0A9B392856C}.Debug|ARM64.Build.0 = Debug|ARM64
		{147688A8-D934-41C9-8620-D0A9B392856C}.Debug|ARM64.Deploy.0 = Debug|ARM64
		{147688A8-D934-41C9-8620-D0A9B392856C}.Debug|iPhone.ActiveCfg = Debug|x64
		{147688A8-D934-41C9-8620-D0A9B392856C}.Debug|iPhone.Build.0 = Debug|x64
		{147688A8-D934-41C9-8620-D0A9B392856C}.Debug|iPhone.Deploy.0 = Debug|x64
		{147688A8-D934-41C9-8620-D0A9B392856C}.Debug|iPhoneSimulator.ActiveCfg = Debug|x64
		{147688A8-D934-41C9-8620-D0A9B392856C}.Debug|iPhoneSimulator.Build.0 = Debug|x64
		{147688A8-D934-41C9-8620-D0A9B392856C}.Debug|iPhoneSimulator.Deploy.0 = Debug|x64
		{147688A8-D934-41C9-8620-D0A9B392856C}.Debug|x64.ActiveCfg = Debug|x64
		{147688A8-D934-41C9-8620-D0A9B392856C}.Debug|x64.Build.0 = Debug|x64
		{147688A8-D934-41C9-8620-D0A9B392856C}.Debug|x64.Deploy.0 = Debug|x64
		{147688A8-D934-41C9-8620-D0A9B392856C}.Debug|x86.ActiveCfg = Debug|x86
		{147688A8-D934-41C9-8620-D0A9B392856C}.Debug|x86.Build.0 = Debug|x86
		{147688A8-D934-41C9-8620-D0A9B392856C}.Debug|x86.Deploy.0 = Debug|x86
		{147688A8-D934-41C9-8620-D0A9B392856C}.Release|Any CPU.ActiveCfg = Release|x64
		{147688A8-D934-41C9-8620-D0A9B392856C}.Release|Any CPU.Build.0 = Release|x64
		{147688A8-D934-41C9-8620-D0A9B392856C}.Release|Any CPU.Deploy.0 = Release|x64
		{147688A8-D934-41C9-8620-D0A9B392856C}.Release|ARM.ActiveCfg = Release|ARM
		{147688A8-D934-41C9-8620-D0A9B392856C}.Release|ARM.Build.0 = Release|ARM
		{147688A8-D934-41C9-8620-D0A9B392856C}.Release|ARM.Deploy.0 = Release|ARM
		{147688A8-D934-41C9-8620-D0A9B392856C}.Release|ARM64.ActiveCfg = Release|ARM64
		{147688A8-D934-41C9-8620-D0A9B392856C}.Release|ARM64.Build.0 = Release|ARM64
		{147688A8-D934-41C9-8620-D0A9B392856C}.Release|ARM64.Deploy.0 = Release|ARM64
		{147688A8-D934-41C9-8620-D0A9B392856C}.Release|iPhone.ActiveCfg = Release|x64
		{147688A8-D934-41C9-8620-D0A9B392856C}.Release|iPhone.Build.0 = Release|x64
		{147688A8-D934-41C9-8620-D0A9B392856C}.Release|iPhone.Deploy.0 = Release|x64
		{147688A8-D934-41C9-8620-D0A9B392856C}.Release|iPhoneSimulator.ActiveCfg = Release|x64
		{147688A8-D934-41C9-8620-D0A9B392856C}.Release|iPhoneSimulator.Build.0 = Release|x64
		{147688A8-D934-41C9-8620-D0A9B392856C}.Release|iPhoneSimulator.Deploy.0 = Release|x64
		{147688A8-D934-41C9-8620-D0A9B392856C}.Release|x64.ActiveCfg = Release|x64
		{147688A8-D934-41C9-8620-D0A9B392856C}.Release|x64.Build.0 = Release|x64
		{147688A8-D934-41C9-8620-D0A9B392856C}.Release|x64.Deploy.0 = Release|x64
		{147688A8-D934-41C9-8620-D0A9B392856C}.Release|x86.ActiveCfg = Release|x86
		{147688A8-D934-41C9-8620-D0A9B392856C}.Release|x86.Build.0 = Release|x86
		{147688A8-D934-41C9-8620-D0A9B392856C}.Release|x86.Deploy.0 = Release|x86
		{544064AE-0562-4F19-A4C0-0EA83CD0727A}.Ad-Hoc|Any CPU.ActiveCfg = Debug|Any CPU
		{544064AE-0562-4F19-A4C0-0EA83CD0727A}.Ad-Hoc|Any CPU.Build.0 = Debug|Any CPU
		{544064AE-0562-4F19-A4C0-0EA83CD0727A}.Ad-Hoc|Any CPU.Deploy.0 = Debug|Any CPU
		{544064AE-0562-4F19-A4C0-0EA83CD0727A}.Ad-Hoc|ARM.ActiveCfg = Debug|Any CPU
		{544064AE-0562-4F19-A4C0-0EA83CD0727A}.Ad-Hoc|ARM.Build.0 = Debug|Any CPU
		{544064AE-0562-4F19-A4C0-0EA83CD0727A}.Ad-Hoc|ARM.Deploy.0 = Debug|Any CPU
		{544064AE-0562-4F19-A4C0-0EA83CD0727A}.Ad-Hoc|ARM64.ActiveCfg = Debug|Any CPU
		{544064AE-0562-4F19-A4C0-0EA83CD0727A}.Ad-Hoc|ARM64.Build.0 = Debug|Any CPU
		{544064AE-0562-4F19-A4C0-0EA83CD0727A}.Ad-Hoc|ARM64.Deploy.0 = Debug|Any CPU
		{544064AE-0562-4F19-A4C0-0EA83CD0727A}.Ad-Hoc|iPhone.ActiveCfg = Debug|Any CPU
		{544064AE-0562-4F19-A4C0-0EA83CD0727A}.Ad-Hoc|iPhone.Build.0 = Debug|Any CPU
		{544064AE-0562-4F19-A4C0-0EA83CD0727A}.Ad-Hoc|iPhone.Deploy.0 = Debug|Any CPU
		{544064AE-0562-4F19-A4C0-0EA83CD0727A}.Ad-Hoc|iPhoneSimulator.ActiveCfg = Debug|Any CPU
		{544064AE-0562-4F19-A4C0-0EA83CD0727A}.Ad-Hoc|iPhoneSimulator.Build.0 = Debug|Any CPU
		{544064AE-0562-4F19-A4C0-0EA83CD0727A}.Ad-Hoc|iPhoneSimulator.Deploy.0 = Debug|Any CPU
		{544064AE-0562-4F19-A4C0-0EA83CD0727A}.Ad-Hoc|x64.ActiveCfg = Debug|Any CPU
		{544064AE-0562-4F19-A4C0-0EA83CD0727A}.Ad-Hoc|x64.Build.0 = Debug|Any CPU
		{544064AE-0562-4F19-A4C0-0EA83CD0727A}.Ad-Hoc|x64.Deploy.0 = Debug|Any CPU
		{544064AE-0562-4F19-A4C0-0EA83CD0727A}.Ad-Hoc|x86.ActiveCfg = Debug|Any CPU
		{544064AE-0562-4F19-A4C0-0EA83CD0727A}.Ad-Hoc|x86.Build.0 = Debug|Any CPU
		{544064AE-0562-4F19-A4C0-0EA83CD0727A}.Ad-Hoc|x86.Deploy.0 = Debug|Any CPU
		{544064AE-0562-4F19-A4C0-0EA83CD0727A}.AppStore|Any CPU.ActiveCfg = Debug|Any CPU
		{544064AE-0562-4F19-A4C0-0EA83CD0727A}.AppStore|Any CPU.Build.0 = Debug|Any CPU
		{544064AE-0562-4F19-A4C0-0EA83CD0727A}.AppStore|Any CPU.Deploy.0 = Debug|Any CPU
		{544064AE-0562-4F19-A4C0-0EA83CD0727A}.AppStore|ARM.ActiveCfg = Debug|Any CPU
		{544064AE-0562-4F19-A4C0-0EA83CD0727A}.AppStore|ARM.Build.0 = Debug|Any CPU
		{544064AE-0562-4F19-A4C0-0EA83CD0727A}.AppStore|ARM.Deploy.0 = Debug|Any CPU
		{544064AE-0562-4F19-A4C0-0EA83CD0727A}.AppStore|ARM64.ActiveCfg = Debug|Any CPU
		{544064AE-0562-4F19-A4C0-0EA83CD0727A}.AppStore|ARM64.Build.0 = Debug|Any CPU
		{544064AE-0562-4F19-A4C0-0EA83CD0727A}.AppStore|ARM64.Deploy.0 = Debug|Any CPU
		{544064AE-0562-4F19-A4C0-0EA83CD0727A}.AppStore|iPhone.ActiveCfg = Debug|Any CPU
		{544064AE-0562-4F19-A4C0-0EA83CD0727A}.AppStore|iPhone.Build.0 = Debug|Any CPU
		{544064AE-0562-4F19-A4C0-0EA83CD0727A}.AppStore|iPhone.Deploy.0 = Debug|Any CPU
		{544064AE-0562-4F19-A4C0-0EA83CD0727A}.AppStore|iPhoneSimulator.ActiveCfg = Debug|Any CPU
		{544064AE-0562-4F19-A4C0-0EA83CD0727A}.AppStore|iPhoneSimulator.Build.0 = Debug|Any CPU
		{544064AE-0562-4F19-A4C0-0EA83CD0727A}.AppStore|iPhoneSimulator.Deploy.0 = Debug|Any CPU
		{544064AE-0562-4F19-A4C0-0EA83CD0727A}.AppStore|x64.ActiveCfg = Debug|Any CPU
		{544064AE-0562-4F19-A4C0-0EA83CD0727A}.AppStore|x64.Build.0 = Debug|Any CPU
		{544064AE-0562-4F19-A4C0-0EA83CD0727A}.AppStore|x64.Deploy.0 = Debug|Any CPU
		{544064AE-0562-4F19-A4C0-0EA83CD0727A}.AppStore|x86.ActiveCfg = Debug|Any CPU
		{544064AE-0562-4F19-A4C0-0EA83CD0727A}.AppStore|x86.Build.0 = Debug|Any CPU
		{544064AE-0562-4F19-A4C0-0EA83CD0727A}.AppStore|x86.Deploy.0 = Debug|Any CPU
		{544064AE-0562-4F19-A4C0-0EA83CD0727A}.Debug|Any CPU.ActiveCfg = Debug|Any CPU
		{544064AE-0562-4F19-A4C0-0EA83CD0727A}.Debug|Any CPU.Build.0 = Debug|Any CPU
		{544064AE-0562-4F19-A4C0-0EA83CD0727A}.Debug|Any CPU.Deploy.0 = Debug|Any CPU
		{544064AE-0562-4F19-A4C0-0EA83CD0727A}.Debug|ARM.ActiveCfg = Debug|Any CPU
		{544064AE-0562-4F19-A4C0-0EA83CD0727A}.Debug|ARM.Build.0 = Debug|Any CPU
		{544064AE-0562-4F19-A4C0-0EA83CD0727A}.Debug|ARM.Deploy.0 = Debug|Any CPU
		{544064AE-0562-4F19-A4C0-0EA83CD0727A}.Debug|ARM64.ActiveCfg = Debug|Any CPU
		{544064AE-0562-4F19-A4C0-0EA83CD0727A}.Debug|ARM64.Build.0 = Debug|Any CPU
		{544064AE-0562-4F19-A4C0-0EA83CD0727A}.Debug|ARM64.Deploy.0 = Debug|Any CPU
		{544064AE-0562-4F19-A4C0-0EA83CD0727A}.Debug|iPhone.ActiveCfg = Debug|Any CPU
		{544064AE-0562-4F19-A4C0-0EA83CD0727A}.Debug|iPhone.Build.0 = Debug|Any CPU
		{544064AE-0562-4F19-A4C0-0EA83CD0727A}.Debug|iPhone.Deploy.0 = Debug|Any CPU
		{544064AE-0562-4F19-A4C0-0EA83CD0727A}.Debug|iPhoneSimulator.ActiveCfg = Debug|Any CPU
		{544064AE-0562-4F19-A4C0-0EA83CD0727A}.Debug|iPhoneSimulator.Build.0 = Debug|Any CPU
		{544064AE-0562-4F19-A4C0-0EA83CD0727A}.Debug|iPhoneSimulator.Deploy.0 = Debug|Any CPU
		{544064AE-0562-4F19-A4C0-0EA83CD0727A}.Debug|x64.ActiveCfg = Debug|Any CPU
		{544064AE-0562-4F19-A4C0-0EA83CD0727A}.Debug|x64.Build.0 = Debug|Any CPU
		{544064AE-0562-4F19-A4C0-0EA83CD0727A}.Debug|x64.Deploy.0 = Debug|Any CPU
		{544064AE-0562-4F19-A4C0-0EA83CD0727A}.Debug|x86.ActiveCfg = Debug|Any CPU
		{544064AE-0562-4F19-A4C0-0EA83CD0727A}.Debug|x86.Build.0 = Debug|Any CPU
		{544064AE-0562-4F19-A4C0-0EA83CD0727A}.Debug|x86.Deploy.0 = Debug|Any CPU
		{544064AE-0562-4F19-A4C0-0EA83CD0727A}.Release|Any CPU.ActiveCfg = Release|Any CPU
		{544064AE-0562-4F19-A4C0-0EA83CD0727A}.Release|Any CPU.Build.0 = Release|Any CPU
		{544064AE-0562-4F19-A4C0-0EA83CD0727A}.Release|Any CPU.Deploy.0 = Release|Any CPU
		{544064AE-0562-4F19-A4C0-0EA83CD0727A}.Release|ARM.ActiveCfg = Release|Any CPU
		{544064AE-0562-4F19-A4C0-0EA83CD0727A}.Release|ARM.Build.0 = Release|Any CPU
		{544064AE-0562-4F19-A4C0-0EA83CD0727A}.Release|ARM.Deploy.0 = Release|Any CPU
		{544064AE-0562-4F19-A4C0-0EA83CD0727A}.Release|ARM64.ActiveCfg = Release|Any CPU
		{544064AE-0562-4F19-A4C0-0EA83CD0727A}.Release|ARM64.Build.0 = Release|Any CPU
		{544064AE-0562-4F19-A4C0-0EA83CD0727A}.Release|ARM64.Deploy.0 = Release|Any CPU
		{544064AE-0562-4F19-A4C0-0EA83CD0727A}.Release|iPhone.ActiveCfg = Release|Any CPU
		{544064AE-0562-4F19-A4C0-0EA83CD0727A}.Release|iPhone.Build.0 = Release|Any CPU
		{544064AE-0562-4F19-A4C0-0EA83CD0727A}.Release|iPhone.Deploy.0 = Release|Any CPU
		{544064AE-0562-4F19-A4C0-0EA83CD0727A}.Release|iPhoneSimulator.ActiveCfg = Release|Any CPU
		{544064AE-0562-4F19-A4C0-0EA83CD0727A}.Release|iPhoneSimulator.Build.0 = Release|Any CPU
		{544064AE-0562-4F19-A4C0-0EA83CD0727A}.Release|iPhoneSimulator.Deploy.0 = Release|Any CPU
		{544064AE-0562-4F19-A4C0-0EA83CD0727A}.Release|x64.ActiveCfg = Release|Any CPU
		{544064AE-0562-4F19-A4C0-0EA83CD0727A}.Release|x64.Build.0 = Release|Any CPU
		{544064AE-0562-4F19-A4C0-0EA83CD0727A}.Release|x64.Deploy.0 = Release|Any CPU
		{544064AE-0562-4F19-A4C0-0EA83CD0727A}.Release|x86.ActiveCfg = Release|Any CPU
		{544064AE-0562-4F19-A4C0-0EA83CD0727A}.Release|x86.Build.0 = Release|Any CPU
		{544064AE-0562-4F19-A4C0-0EA83CD0727A}.Release|x86.Deploy.0 = Release|Any CPU
		{FBA52A27-C378-406D-96A8-06C59EA9D535}.Ad-Hoc|Any CPU.ActiveCfg = Ad-Hoc|iPhoneSimulator
		{FBA52A27-C378-406D-96A8-06C59EA9D535}.Ad-Hoc|Any CPU.Build.0 = Ad-Hoc|iPhoneSimulator
		{FBA52A27-C378-406D-96A8-06C59EA9D535}.Ad-Hoc|ARM.ActiveCfg = Ad-Hoc|iPhoneSimulator
		{FBA52A27-C378-406D-96A8-06C59EA9D535}.Ad-Hoc|ARM.Build.0 = Ad-Hoc|iPhoneSimulator
		{FBA52A27-C378-406D-96A8-06C59EA9D535}.Ad-Hoc|ARM64.ActiveCfg = Ad-Hoc|iPhoneSimulator
		{FBA52A27-C378-406D-96A8-06C59EA9D535}.Ad-Hoc|ARM64.Build.0 = Ad-Hoc|iPhoneSimulator
		{FBA52A27-C378-406D-96A8-06C59EA9D535}.Ad-Hoc|iPhone.ActiveCfg = Ad-Hoc|iPhone
		{FBA52A27-C378-406D-96A8-06C59EA9D535}.Ad-Hoc|iPhone.Build.0 = Ad-Hoc|iPhone
		{FBA52A27-C378-406D-96A8-06C59EA9D535}.Ad-Hoc|iPhoneSimulator.ActiveCfg = Ad-Hoc|iPhoneSimulator
		{FBA52A27-C378-406D-96A8-06C59EA9D535}.Ad-Hoc|iPhoneSimulator.Build.0 = Ad-Hoc|iPhoneSimulator
		{FBA52A27-C378-406D-96A8-06C59EA9D535}.Ad-Hoc|x64.ActiveCfg = Ad-Hoc|iPhoneSimulator
		{FBA52A27-C378-406D-96A8-06C59EA9D535}.Ad-Hoc|x64.Build.0 = Ad-Hoc|iPhoneSimulator
		{FBA52A27-C378-406D-96A8-06C59EA9D535}.Ad-Hoc|x86.ActiveCfg = Ad-Hoc|iPhoneSimulator
		{FBA52A27-C378-406D-96A8-06C59EA9D535}.Ad-Hoc|x86.Build.0 = Ad-Hoc|iPhoneSimulator
		{FBA52A27-C378-406D-96A8-06C59EA9D535}.AppStore|Any CPU.ActiveCfg = AppStore|iPhoneSimulator
		{FBA52A27-C378-406D-96A8-06C59EA9D535}.AppStore|Any CPU.Build.0 = AppStore|iPhoneSimulator
		{FBA52A27-C378-406D-96A8-06C59EA9D535}.AppStore|ARM.ActiveCfg = AppStore|iPhoneSimulator
		{FBA52A27-C378-406D-96A8-06C59EA9D535}.AppStore|ARM.Build.0 = AppStore|iPhoneSimulator
		{FBA52A27-C378-406D-96A8-06C59EA9D535}.AppStore|ARM64.ActiveCfg = AppStore|iPhoneSimulator
		{FBA52A27-C378-406D-96A8-06C59EA9D535}.AppStore|ARM64.Build.0 = AppStore|iPhoneSimulator
		{FBA52A27-C378-406D-96A8-06C59EA9D535}.AppStore|iPhone.ActiveCfg = AppStore|iPhone
		{FBA52A27-C378-406D-96A8-06C59EA9D535}.AppStore|iPhone.Build.0 = AppStore|iPhone
		{FBA52A27-C378-406D-96A8-06C59EA9D535}.AppStore|iPhoneSimulator.ActiveCfg = AppStore|iPhoneSimulator
		{FBA52A27-C378-406D-96A8-06C59EA9D535}.AppStore|iPhoneSimulator.Build.0 = AppStore|iPhoneSimulator
		{FBA52A27-C378-406D-96A8-06C59EA9D535}.AppStore|x64.ActiveCfg = AppStore|iPhoneSimulator
		{FBA52A27-C378-406D-96A8-06C59EA9D535}.AppStore|x64.Build.0 = AppStore|iPhoneSimulator
		{FBA52A27-C378-406D-96A8-06C59EA9D535}.AppStore|x86.ActiveCfg = AppStore|iPhoneSimulator
		{FBA52A27-C378-406D-96A8-06C59EA9D535}.AppStore|x86.Build.0 = AppStore|iPhoneSimulator
		{FBA52A27-C378-406D-96A8-06C59EA9D535}.Debug|Any CPU.ActiveCfg = Debug|iPhoneSimulator
		{FBA52A27-C378-406D-96A8-06C59EA9D535}.Debug|Any CPU.Build.0 = Debug|iPhoneSimulator
		{FBA52A27-C378-406D-96A8-06C59EA9D535}.Debug|ARM.ActiveCfg = Debug|iPhoneSimulator
		{FBA52A27-C378-406D-96A8-06C59EA9D535}.Debug|ARM.Build.0 = Debug|iPhoneSimulator
		{FBA52A27-C378-406D-96A8-06C59EA9D535}.Debug|ARM64.ActiveCfg = Debug|iPhoneSimulator
		{FBA52A27-C378-406D-96A8-06C59EA9D535}.Debug|ARM64.Build.0 = Debug|iPhoneSimulator
		{FBA52A27-C378-406D-96A8-06C59EA9D535}.Debug|iPhone.ActiveCfg = Debug|iPhone
		{FBA52A27-C378-406D-96A8-06C59EA9D535}.Debug|iPhone.Build.0 = Debug|iPhone
		{FBA52A27-C378-406D-96A8-06C59EA9D535}.Debug|iPhoneSimulator.ActiveCfg = Debug|iPhoneSimulator
		{FBA52A27-C378-406D-96A8-06C59EA9D535}.Debug|iPhoneSimulator.Build.0 = Debug|iPhoneSimulator
		{FBA52A27-C378-406D-96A8-06C59EA9D535}.Debug|x64.ActiveCfg = Debug|iPhoneSimulator
		{FBA52A27-C378-406D-96A8-06C59EA9D535}.Debug|x64.Build.0 = Debug|iPhoneSimulator
		{FBA52A27-C378-406D-96A8-06C59EA9D535}.Debug|x86.ActiveCfg = Debug|iPhoneSimulator
		{FBA52A27-C378-406D-96A8-06C59EA9D535}.Debug|x86.Build.0 = Debug|iPhoneSimulator
		{FBA52A27-C378-406D-96A8-06C59EA9D535}.Release|Any CPU.ActiveCfg = Release|iPhoneSimulator
		{FBA52A27-C378-406D-96A8-06C59EA9D535}.Release|Any CPU.Build.0 = Release|iPhoneSimulator
		{FBA52A27-C378-406D-96A8-06C59EA9D535}.Release|ARM.ActiveCfg = Release|iPhoneSimulator
		{FBA52A27-C378-406D-96A8-06C59EA9D535}.Release|ARM.Build.0 = Release|iPhoneSimulator
		{FBA52A27-C378-406D-96A8-06C59EA9D535}.Release|ARM64.ActiveCfg = Release|iPhoneSimulator
		{FBA52A27-C378-406D-96A8-06C59EA9D535}.Release|ARM64.Build.0 = Release|iPhoneSimulator
		{FBA52A27-C378-406D-96A8-06C59EA9D535}.Release|iPhone.ActiveCfg = Release|iPhone
		{FBA52A27-C378-406D-96A8-06C59EA9D535}.Release|iPhone.Build.0 = Release|iPhone
		{FBA52A27-C378-406D-96A8-06C59EA9D535}.Release|iPhoneSimulator.ActiveCfg = Release|iPhoneSimulator
		{FBA52A27-C378-406D-96A8-06C59EA9D535}.Release|iPhoneSimulator.Build.0 = Release|iPhoneSimulator
		{FBA52A27-C378-406D-96A8-06C59EA9D535}.Release|x64.ActiveCfg = Release|iPhoneSimulator
		{FBA52A27-C378-406D-96A8-06C59EA9D535}.Release|x64.Build.0 = Release|iPhoneSimulator
		{FBA52A27-C378-406D-96A8-06C59EA9D535}.Release|x86.ActiveCfg = Release|iPhoneSimulator
		{FBA52A27-C378-406D-96A8-06C59EA9D535}.Release|x86.Build.0 = Release|iPhoneSimulator
		{16BCE969-7029-4766-8A29-6B983186CFF2}.Ad-Hoc|Any CPU.ActiveCfg = Debug|x86
		{16BCE969-7029-4766-8A29-6B983186CFF2}.Ad-Hoc|Any CPU.Build.0 = Debug|x86
		{16BCE969-7029-4766-8A29-6B983186CFF2}.Ad-Hoc|Any CPU.Deploy.0 = Debug|x86
		{16BCE969-7029-4766-8A29-6B983186CFF2}.Ad-Hoc|ARM.ActiveCfg = Debug|ARM
		{16BCE969-7029-4766-8A29-6B983186CFF2}.Ad-Hoc|ARM.Build.0 = Debug|ARM
		{16BCE969-7029-4766-8A29-6B983186CFF2}.Ad-Hoc|ARM.Deploy.0 = Debug|ARM
		{16BCE969-7029-4766-8A29-6B983186CFF2}.Ad-Hoc|ARM64.ActiveCfg = Debug|ARM64
		{16BCE969-7029-4766-8A29-6B983186CFF2}.Ad-Hoc|ARM64.Build.0 = Debug|ARM64
		{16BCE969-7029-4766-8A29-6B983186CFF2}.Ad-Hoc|ARM64.Deploy.0 = Debug|ARM64
		{16BCE969-7029-4766-8A29-6B983186CFF2}.Ad-Hoc|iPhone.ActiveCfg = Debug|x86
		{16BCE969-7029-4766-8A29-6B983186CFF2}.Ad-Hoc|iPhone.Build.0 = Debug|x86
		{16BCE969-7029-4766-8A29-6B983186CFF2}.Ad-Hoc|iPhone.Deploy.0 = Debug|x86
		{16BCE969-7029-4766-8A29-6B983186CFF2}.Ad-Hoc|iPhoneSimulator.ActiveCfg = Debug|x86
		{16BCE969-7029-4766-8A29-6B983186CFF2}.Ad-Hoc|iPhoneSimulator.Build.0 = Debug|x86
		{16BCE969-7029-4766-8A29-6B983186CFF2}.Ad-Hoc|iPhoneSimulator.Deploy.0 = Debug|x86
		{16BCE969-7029-4766-8A29-6B983186CFF2}.Ad-Hoc|x64.ActiveCfg = Debug|x64
		{16BCE969-7029-4766-8A29-6B983186CFF2}.Ad-Hoc|x64.Build.0 = Debug|x64
		{16BCE969-7029-4766-8A29-6B983186CFF2}.Ad-Hoc|x64.Deploy.0 = Debug|x64
		{16BCE969-7029-4766-8A29-6B983186CFF2}.Ad-Hoc|x86.ActiveCfg = Debug|x86
		{16BCE969-7029-4766-8A29-6B983186CFF2}.Ad-Hoc|x86.Build.0 = Debug|x86
		{16BCE969-7029-4766-8A29-6B983186CFF2}.Ad-Hoc|x86.Deploy.0 = Debug|x86
		{16BCE969-7029-4766-8A29-6B983186CFF2}.AppStore|Any CPU.ActiveCfg = Debug|x86
		{16BCE969-7029-4766-8A29-6B983186CFF2}.AppStore|Any CPU.Build.0 = Debug|x86
		{16BCE969-7029-4766-8A29-6B983186CFF2}.AppStore|Any CPU.Deploy.0 = Debug|x86
		{16BCE969-7029-4766-8A29-6B983186CFF2}.AppStore|ARM.ActiveCfg = Debug|ARM
		{16BCE969-7029-4766-8A29-6B983186CFF2}.AppStore|ARM.Build.0 = Debug|ARM
		{16BCE969-7029-4766-8A29-6B983186CFF2}.AppStore|ARM.Deploy.0 = Debug|ARM
		{16BCE969-7029-4766-8A29-6B983186CFF2}.AppStore|ARM64.ActiveCfg = Debug|ARM64
		{16BCE969-7029-4766-8A29-6B983186CFF2}.AppStore|ARM64.Build.0 = Debug|ARM64
		{16BCE969-7029-4766-8A29-6B983186CFF2}.AppStore|ARM64.Deploy.0 = Debug|ARM64
		{16BCE969-7029-4766-8A29-6B983186CFF2}.AppStore|iPhone.ActiveCfg = Debug|x86
		{16BCE969-7029-4766-8A29-6B983186CFF2}.AppStore|iPhone.Build.0 = Debug|x86
		{16BCE969-7029-4766-8A29-6B983186CFF2}.AppStore|iPhone.Deploy.0 = Debug|x86
		{16BCE969-7029-4766-8A29-6B983186CFF2}.AppStore|iPhoneSimulator.ActiveCfg = Debug|x86
		{16BCE969-7029-4766-8A29-6B983186CFF2}.AppStore|iPhoneSimulator.Build.0 = Debug|x86
		{16BCE969-7029-4766-8A29-6B983186CFF2}.AppStore|iPhoneSimulator.Deploy.0 = Debug|x86
		{16BCE969-7029-4766-8A29-6B983186CFF2}.AppStore|x64.ActiveCfg = Debug|x64
		{16BCE969-7029-4766-8A29-6B983186CFF2}.AppStore|x64.Build.0 = Debug|x64
		{16BCE969-7029-4766-8A29-6B983186CFF2}.AppStore|x64.Deploy.0 = Debug|x64
		{16BCE969-7029-4766-8A29-6B983186CFF2}.AppStore|x86.ActiveCfg = Debug|x86
		{16BCE969-7029-4766-8A29-6B983186CFF2}.AppStore|x86.Build.0 = Debug|x86
		{16BCE969-7029-4766-8A29-6B983186CFF2}.AppStore|x86.Deploy.0 = Debug|x86
		{16BCE969-7029-4766-8A29-6B983186CFF2}.Debug|Any CPU.ActiveCfg = Debug|x64
		{16BCE969-7029-4766-8A29-6B983186CFF2}.Debug|Any CPU.Build.0 = Debug|x64
		{16BCE969-7029-4766-8A29-6B983186CFF2}.Debug|Any CPU.Deploy.0 = Debug|x64
		{16BCE969-7029-4766-8A29-6B983186CFF2}.Debug|ARM.ActiveCfg = Debug|ARM
		{16BCE969-7029-4766-8A29-6B983186CFF2}.Debug|ARM.Build.0 = Debug|ARM
		{16BCE969-7029-4766-8A29-6B983186CFF2}.Debug|ARM.Deploy.0 = Debug|ARM
		{16BCE969-7029-4766-8A29-6B983186CFF2}.Debug|ARM64.ActiveCfg = Debug|ARM64
		{16BCE969-7029-4766-8A29-6B983186CFF2}.Debug|ARM64.Build.0 = Debug|ARM64
		{16BCE969-7029-4766-8A29-6B983186CFF2}.Debug|ARM64.Deploy.0 = Debug|ARM64
		{16BCE969-7029-4766-8A29-6B983186CFF2}.Debug|iPhone.ActiveCfg = Debug|x64
		{16BCE969-7029-4766-8A29-6B983186CFF2}.Debug|iPhone.Build.0 = Debug|x64
		{16BCE969-7029-4766-8A29-6B983186CFF2}.Debug|iPhone.Deploy.0 = Debug|x64
		{16BCE969-7029-4766-8A29-6B983186CFF2}.Debug|iPhoneSimulator.ActiveCfg = Debug|x64
		{16BCE969-7029-4766-8A29-6B983186CFF2}.Debug|iPhoneSimulator.Build.0 = Debug|x64
		{16BCE969-7029-4766-8A29-6B983186CFF2}.Debug|iPhoneSimulator.Deploy.0 = Debug|x64
		{16BCE969-7029-4766-8A29-6B983186CFF2}.Debug|x64.ActiveCfg = Debug|x64
		{16BCE969-7029-4766-8A29-6B983186CFF2}.Debug|x64.Build.0 = Debug|x64
		{16BCE969-7029-4766-8A29-6B983186CFF2}.Debug|x64.Deploy.0 = Debug|x64
		{16BCE969-7029-4766-8A29-6B983186CFF2}.Debug|x86.ActiveCfg = Debug|x86
		{16BCE969-7029-4766-8A29-6B983186CFF2}.Debug|x86.Build.0 = Debug|x86
		{16BCE969-7029-4766-8A29-6B983186CFF2}.Debug|x86.Deploy.0 = Debug|x86
		{16BCE969-7029-4766-8A29-6B983186CFF2}.Release|Any CPU.ActiveCfg = Release|x64
		{16BCE969-7029-4766-8A29-6B983186CFF2}.Release|Any CPU.Build.0 = Release|x64
		{16BCE969-7029-4766-8A29-6B983186CFF2}.Release|Any CPU.Deploy.0 = Release|x64
		{16BCE969-7029-4766-8A29-6B983186CFF2}.Release|ARM.ActiveCfg = Release|ARM
		{16BCE969-7029-4766-8A29-6B983186CFF2}.Release|ARM.Build.0 = Release|ARM
		{16BCE969-7029-4766-8A29-6B983186CFF2}.Release|ARM.Deploy.0 = Release|ARM
		{16BCE969-7029-4766-8A29-6B983186CFF2}.Release|ARM64.ActiveCfg = Release|ARM64
		{16BCE969-7029-4766-8A29-6B983186CFF2}.Release|ARM64.Build.0 = Release|ARM64
		{16BCE969-7029-4766-8A29-6B983186CFF2}.Release|ARM64.Deploy.0 = Release|ARM64
		{16BCE969-7029-4766-8A29-6B983186CFF2}.Release|iPhone.ActiveCfg = Release|x64
		{16BCE969-7029-4766-8A29-6B983186CFF2}.Release|iPhone.Build.0 = Release|x64
		{16BCE969-7029-4766-8A29-6B983186CFF2}.Release|iPhone.Deploy.0 = Release|x64
		{16BCE969-7029-4766-8A29-6B983186CFF2}.Release|iPhoneSimulator.ActiveCfg = Release|x64
		{16BCE969-7029-4766-8A29-6B983186CFF2}.Release|iPhoneSimulator.Build.0 = Release|x64
		{16BCE969-7029-4766-8A29-6B983186CFF2}.Release|iPhoneSimulator.Deploy.0 = Release|x64
		{16BCE969-7029-4766-8A29-6B983186CFF2}.Release|x64.ActiveCfg = Release|x64
		{16BCE969-7029-4766-8A29-6B983186CFF2}.Release|x64.Build.0 = Release|x64
		{16BCE969-7029-4766-8A29-6B983186CFF2}.Release|x64.Deploy.0 = Release|x64
		{16BCE969-7029-4766-8A29-6B983186CFF2}.Release|x86.ActiveCfg = Release|x86
		{16BCE969-7029-4766-8A29-6B983186CFF2}.Release|x86.Build.0 = Release|x86
		{16BCE969-7029-4766-8A29-6B983186CFF2}.Release|x86.Deploy.0 = Release|x86
		{6EA96D74-8E0D-4F99-9EBC-169B10FCFAB4}.Ad-Hoc|Any CPU.ActiveCfg = Debug|Any CPU
		{6EA96D74-8E0D-4F99-9EBC-169B10FCFAB4}.Ad-Hoc|Any CPU.Build.0 = Debug|Any CPU
		{6EA96D74-8E0D-4F99-9EBC-169B10FCFAB4}.Ad-Hoc|ARM.ActiveCfg = Debug|Any CPU
		{6EA96D74-8E0D-4F99-9EBC-169B10FCFAB4}.Ad-Hoc|ARM.Build.0 = Debug|Any CPU
		{6EA96D74-8E0D-4F99-9EBC-169B10FCFAB4}.Ad-Hoc|ARM64.ActiveCfg = Debug|Any CPU
		{6EA96D74-8E0D-4F99-9EBC-169B10FCFAB4}.Ad-Hoc|ARM64.Build.0 = Debug|Any CPU
		{6EA96D74-8E0D-4F99-9EBC-169B10FCFAB4}.Ad-Hoc|iPhone.ActiveCfg = Debug|Any CPU
		{6EA96D74-8E0D-4F99-9EBC-169B10FCFAB4}.Ad-Hoc|iPhone.Build.0 = Debug|Any CPU
		{6EA96D74-8E0D-4F99-9EBC-169B10FCFAB4}.Ad-Hoc|iPhoneSimulator.ActiveCfg = Debug|Any CPU
		{6EA96D74-8E0D-4F99-9EBC-169B10FCFAB4}.Ad-Hoc|iPhoneSimulator.Build.0 = Debug|Any CPU
		{6EA96D74-8E0D-4F99-9EBC-169B10FCFAB4}.Ad-Hoc|x64.ActiveCfg = Debug|Any CPU
		{6EA96D74-8E0D-4F99-9EBC-169B10FCFAB4}.Ad-Hoc|x64.Build.0 = Debug|Any CPU
		{6EA96D74-8E0D-4F99-9EBC-169B10FCFAB4}.Ad-Hoc|x86.ActiveCfg = Debug|Any CPU
		{6EA96D74-8E0D-4F99-9EBC-169B10FCFAB4}.Ad-Hoc|x86.Build.0 = Debug|Any CPU
		{6EA96D74-8E0D-4F99-9EBC-169B10FCFAB4}.AppStore|Any CPU.ActiveCfg = Debug|Any CPU
		{6EA96D74-8E0D-4F99-9EBC-169B10FCFAB4}.AppStore|Any CPU.Build.0 = Debug|Any CPU
		{6EA96D74-8E0D-4F99-9EBC-169B10FCFAB4}.AppStore|ARM.ActiveCfg = Debug|Any CPU
		{6EA96D74-8E0D-4F99-9EBC-169B10FCFAB4}.AppStore|ARM.Build.0 = Debug|Any CPU
		{6EA96D74-8E0D-4F99-9EBC-169B10FCFAB4}.AppStore|ARM64.ActiveCfg = Debug|Any CPU
		{6EA96D74-8E0D-4F99-9EBC-169B10FCFAB4}.AppStore|ARM64.Build.0 = Debug|Any CPU
		{6EA96D74-8E0D-4F99-9EBC-169B10FCFAB4}.AppStore|iPhone.ActiveCfg = Debug|Any CPU
		{6EA96D74-8E0D-4F99-9EBC-169B10FCFAB4}.AppStore|iPhone.Build.0 = Debug|Any CPU
		{6EA96D74-8E0D-4F99-9EBC-169B10FCFAB4}.AppStore|iPhoneSimulator.ActiveCfg = Debug|Any CPU
		{6EA96D74-8E0D-4F99-9EBC-169B10FCFAB4}.AppStore|iPhoneSimulator.Build.0 = Debug|Any CPU
		{6EA96D74-8E0D-4F99-9EBC-169B10FCFAB4}.AppStore|x64.ActiveCfg = Debug|Any CPU
		{6EA96D74-8E0D-4F99-9EBC-169B10FCFAB4}.AppStore|x64.Build.0 = Debug|Any CPU
		{6EA96D74-8E0D-4F99-9EBC-169B10FCFAB4}.AppStore|x86.ActiveCfg = Debug|Any CPU
		{6EA96D74-8E0D-4F99-9EBC-169B10FCFAB4}.AppStore|x86.Build.0 = Debug|Any CPU
		{6EA96D74-8E0D-4F99-9EBC-169B10FCFAB4}.Debug|Any CPU.ActiveCfg = Debug|Any CPU
		{6EA96D74-8E0D-4F99-9EBC-169B10FCFAB4}.Debug|Any CPU.Build.0 = Debug|Any CPU
		{6EA96D74-8E0D-4F99-9EBC-169B10FCFAB4}.Debug|ARM.ActiveCfg = Debug|Any CPU
		{6EA96D74-8E0D-4F99-9EBC-169B10FCFAB4}.Debug|ARM.Build.0 = Debug|Any CPU
		{6EA96D74-8E0D-4F99-9EBC-169B10FCFAB4}.Debug|ARM64.ActiveCfg = Debug|Any CPU
		{6EA96D74-8E0D-4F99-9EBC-169B10FCFAB4}.Debug|ARM64.Build.0 = Debug|Any CPU
		{6EA96D74-8E0D-4F99-9EBC-169B10FCFAB4}.Debug|iPhone.ActiveCfg = Debug|Any CPU
		{6EA96D74-8E0D-4F99-9EBC-169B10FCFAB4}.Debug|iPhone.Build.0 = Debug|Any CPU
		{6EA96D74-8E0D-4F99-9EBC-169B10FCFAB4}.Debug|iPhoneSimulator.ActiveCfg = Debug|Any CPU
		{6EA96D74-8E0D-4F99-9EBC-169B10FCFAB4}.Debug|iPhoneSimulator.Build.0 = Debug|Any CPU
		{6EA96D74-8E0D-4F99-9EBC-169B10FCFAB4}.Debug|x64.ActiveCfg = Debug|Any CPU
		{6EA96D74-8E0D-4F99-9EBC-169B10FCFAB4}.Debug|x64.Build.0 = Debug|Any CPU
		{6EA96D74-8E0D-4F99-9EBC-169B10FCFAB4}.Debug|x86.ActiveCfg = Debug|Any CPU
		{6EA96D74-8E0D-4F99-9EBC-169B10FCFAB4}.Debug|x86.Build.0 = Debug|Any CPU
		{6EA96D74-8E0D-4F99-9EBC-169B10FCFAB4}.Release|Any CPU.ActiveCfg = Release|Any CPU
		{6EA96D74-8E0D-4F99-9EBC-169B10FCFAB4}.Release|Any CPU.Build.0 = Release|Any CPU
		{6EA96D74-8E0D-4F99-9EBC-169B10FCFAB4}.Release|ARM.ActiveCfg = Release|Any CPU
		{6EA96D74-8E0D-4F99-9EBC-169B10FCFAB4}.Release|ARM.Build.0 = Release|Any CPU
		{6EA96D74-8E0D-4F99-9EBC-169B10FCFAB4}.Release|ARM64.ActiveCfg = Release|Any CPU
		{6EA96D74-8E0D-4F99-9EBC-169B10FCFAB4}.Release|ARM64.Build.0 = Release|Any CPU
		{6EA96D74-8E0D-4F99-9EBC-169B10FCFAB4}.Release|iPhone.ActiveCfg = Release|Any CPU
		{6EA96D74-8E0D-4F99-9EBC-169B10FCFAB4}.Release|iPhone.Build.0 = Release|Any CPU
		{6EA96D74-8E0D-4F99-9EBC-169B10FCFAB4}.Release|iPhoneSimulator.ActiveCfg = Release|Any CPU
		{6EA96D74-8E0D-4F99-9EBC-169B10FCFAB4}.Release|iPhoneSimulator.Build.0 = Release|Any CPU
		{6EA96D74-8E0D-4F99-9EBC-169B10FCFAB4}.Release|x64.ActiveCfg = Release|Any CPU
		{6EA96D74-8E0D-4F99-9EBC-169B10FCFAB4}.Release|x64.Build.0 = Release|Any CPU
		{6EA96D74-8E0D-4F99-9EBC-169B10FCFAB4}.Release|x86.ActiveCfg = Release|Any CPU
		{6EA96D74-8E0D-4F99-9EBC-169B10FCFAB4}.Release|x86.Build.0 = Release|Any CPU
		{A931EB5F-5388-4A8F-A704-E55A69BE0E3D}.Ad-Hoc|Any CPU.ActiveCfg = Debug|iPhoneSimulator
		{A931EB5F-5388-4A8F-A704-E55A69BE0E3D}.Ad-Hoc|Any CPU.Build.0 = Debug|iPhoneSimulator
		{A931EB5F-5388-4A8F-A704-E55A69BE0E3D}.Ad-Hoc|ARM.ActiveCfg = Debug|iPhoneSimulator
		{A931EB5F-5388-4A8F-A704-E55A69BE0E3D}.Ad-Hoc|ARM.Build.0 = Debug|iPhoneSimulator
		{A931EB5F-5388-4A8F-A704-E55A69BE0E3D}.Ad-Hoc|ARM64.ActiveCfg = Debug|iPhoneSimulator
		{A931EB5F-5388-4A8F-A704-E55A69BE0E3D}.Ad-Hoc|ARM64.Build.0 = Debug|iPhoneSimulator
		{A931EB5F-5388-4A8F-A704-E55A69BE0E3D}.Ad-Hoc|iPhone.ActiveCfg = Debug|iPhoneSimulator
		{A931EB5F-5388-4A8F-A704-E55A69BE0E3D}.Ad-Hoc|iPhone.Build.0 = Debug|iPhoneSimulator
		{A931EB5F-5388-4A8F-A704-E55A69BE0E3D}.Ad-Hoc|iPhoneSimulator.ActiveCfg = Debug|iPhoneSimulator
		{A931EB5F-5388-4A8F-A704-E55A69BE0E3D}.Ad-Hoc|iPhoneSimulator.Build.0 = Debug|iPhoneSimulator
		{A931EB5F-5388-4A8F-A704-E55A69BE0E3D}.Ad-Hoc|x64.ActiveCfg = Debug|iPhoneSimulator
		{A931EB5F-5388-4A8F-A704-E55A69BE0E3D}.Ad-Hoc|x64.Build.0 = Debug|iPhoneSimulator
		{A931EB5F-5388-4A8F-A704-E55A69BE0E3D}.Ad-Hoc|x86.ActiveCfg = Debug|iPhoneSimulator
		{A931EB5F-5388-4A8F-A704-E55A69BE0E3D}.Ad-Hoc|x86.Build.0 = Debug|iPhoneSimulator
		{A931EB5F-5388-4A8F-A704-E55A69BE0E3D}.AppStore|Any CPU.ActiveCfg = Debug|iPhoneSimulator
		{A931EB5F-5388-4A8F-A704-E55A69BE0E3D}.AppStore|Any CPU.Build.0 = Debug|iPhoneSimulator
		{A931EB5F-5388-4A8F-A704-E55A69BE0E3D}.AppStore|ARM.ActiveCfg = Debug|iPhoneSimulator
		{A931EB5F-5388-4A8F-A704-E55A69BE0E3D}.AppStore|ARM.Build.0 = Debug|iPhoneSimulator
		{A931EB5F-5388-4A8F-A704-E55A69BE0E3D}.AppStore|ARM64.ActiveCfg = Debug|iPhoneSimulator
		{A931EB5F-5388-4A8F-A704-E55A69BE0E3D}.AppStore|ARM64.Build.0 = Debug|iPhoneSimulator
		{A931EB5F-5388-4A8F-A704-E55A69BE0E3D}.AppStore|iPhone.ActiveCfg = Debug|iPhoneSimulator
		{A931EB5F-5388-4A8F-A704-E55A69BE0E3D}.AppStore|iPhone.Build.0 = Debug|iPhoneSimulator
		{A931EB5F-5388-4A8F-A704-E55A69BE0E3D}.AppStore|iPhoneSimulator.ActiveCfg = Debug|iPhoneSimulator
		{A931EB5F-5388-4A8F-A704-E55A69BE0E3D}.AppStore|iPhoneSimulator.Build.0 = Debug|iPhoneSimulator
		{A931EB5F-5388-4A8F-A704-E55A69BE0E3D}.AppStore|x64.ActiveCfg = Debug|iPhoneSimulator
		{A931EB5F-5388-4A8F-A704-E55A69BE0E3D}.AppStore|x64.Build.0 = Debug|iPhoneSimulator
		{A931EB5F-5388-4A8F-A704-E55A69BE0E3D}.AppStore|x86.ActiveCfg = Debug|iPhoneSimulator
		{A931EB5F-5388-4A8F-A704-E55A69BE0E3D}.AppStore|x86.Build.0 = Debug|iPhoneSimulator
		{A931EB5F-5388-4A8F-A704-E55A69BE0E3D}.Debug|Any CPU.ActiveCfg = Debug|iPhoneSimulator
		{A931EB5F-5388-4A8F-A704-E55A69BE0E3D}.Debug|Any CPU.Build.0 = Debug|iPhoneSimulator
		{A931EB5F-5388-4A8F-A704-E55A69BE0E3D}.Debug|ARM.ActiveCfg = Debug|iPhoneSimulator
		{A931EB5F-5388-4A8F-A704-E55A69BE0E3D}.Debug|ARM.Build.0 = Debug|iPhoneSimulator
		{A931EB5F-5388-4A8F-A704-E55A69BE0E3D}.Debug|ARM64.ActiveCfg = Debug|iPhoneSimulator
		{A931EB5F-5388-4A8F-A704-E55A69BE0E3D}.Debug|ARM64.Build.0 = Debug|iPhoneSimulator
		{A931EB5F-5388-4A8F-A704-E55A69BE0E3D}.Debug|iPhone.ActiveCfg = Debug|iPhoneSimulator
		{A931EB5F-5388-4A8F-A704-E55A69BE0E3D}.Debug|iPhone.Build.0 = Debug|iPhoneSimulator
		{A931EB5F-5388-4A8F-A704-E55A69BE0E3D}.Debug|iPhoneSimulator.ActiveCfg = Debug|iPhoneSimulator
		{A931EB5F-5388-4A8F-A704-E55A69BE0E3D}.Debug|iPhoneSimulator.Build.0 = Debug|iPhoneSimulator
		{A931EB5F-5388-4A8F-A704-E55A69BE0E3D}.Debug|x64.ActiveCfg = Debug|iPhoneSimulator
		{A931EB5F-5388-4A8F-A704-E55A69BE0E3D}.Debug|x64.Build.0 = Debug|iPhoneSimulator
		{A931EB5F-5388-4A8F-A704-E55A69BE0E3D}.Debug|x86.ActiveCfg = Debug|iPhoneSimulator
		{A931EB5F-5388-4A8F-A704-E55A69BE0E3D}.Debug|x86.Build.0 = Debug|iPhoneSimulator
		{A931EB5F-5388-4A8F-A704-E55A69BE0E3D}.Release|Any CPU.ActiveCfg = Release|iPhoneSimulator
		{A931EB5F-5388-4A8F-A704-E55A69BE0E3D}.Release|Any CPU.Build.0 = Release|iPhoneSimulator
		{A931EB5F-5388-4A8F-A704-E55A69BE0E3D}.Release|ARM.ActiveCfg = Release|iPhoneSimulator
		{A931EB5F-5388-4A8F-A704-E55A69BE0E3D}.Release|ARM.Build.0 = Release|iPhoneSimulator
		{A931EB5F-5388-4A8F-A704-E55A69BE0E3D}.Release|ARM64.ActiveCfg = Release|iPhoneSimulator
		{A931EB5F-5388-4A8F-A704-E55A69BE0E3D}.Release|ARM64.Build.0 = Release|iPhoneSimulator
		{A931EB5F-5388-4A8F-A704-E55A69BE0E3D}.Release|iPhone.ActiveCfg = Release|iPhoneSimulator
		{A931EB5F-5388-4A8F-A704-E55A69BE0E3D}.Release|iPhone.Build.0 = Release|iPhoneSimulator
		{A931EB5F-5388-4A8F-A704-E55A69BE0E3D}.Release|iPhoneSimulator.ActiveCfg = Release|iPhoneSimulator
		{A931EB5F-5388-4A8F-A704-E55A69BE0E3D}.Release|iPhoneSimulator.Build.0 = Release|iPhoneSimulator
		{A931EB5F-5388-4A8F-A704-E55A69BE0E3D}.Release|x64.ActiveCfg = Release|iPhoneSimulator
		{A931EB5F-5388-4A8F-A704-E55A69BE0E3D}.Release|x64.Build.0 = Release|iPhoneSimulator
		{A931EB5F-5388-4A8F-A704-E55A69BE0E3D}.Release|x86.ActiveCfg = Release|iPhoneSimulator
		{A931EB5F-5388-4A8F-A704-E55A69BE0E3D}.Release|x86.Build.0 = Release|iPhoneSimulator
		{052A0660-04E1-48AF-A3E6-7E1CA22C8A02}.Ad-Hoc|Any CPU.ActiveCfg = Debug|Any CPU
		{052A0660-04E1-48AF-A3E6-7E1CA22C8A02}.Ad-Hoc|Any CPU.Build.0 = Debug|Any CPU
		{052A0660-04E1-48AF-A3E6-7E1CA22C8A02}.Ad-Hoc|ARM.ActiveCfg = Debug|Any CPU
		{052A0660-04E1-48AF-A3E6-7E1CA22C8A02}.Ad-Hoc|ARM.Build.0 = Debug|Any CPU
		{052A0660-04E1-48AF-A3E6-7E1CA22C8A02}.Ad-Hoc|ARM64.ActiveCfg = Debug|Any CPU
		{052A0660-04E1-48AF-A3E6-7E1CA22C8A02}.Ad-Hoc|ARM64.Build.0 = Debug|Any CPU
		{052A0660-04E1-48AF-A3E6-7E1CA22C8A02}.Ad-Hoc|iPhone.ActiveCfg = Debug|Any CPU
		{052A0660-04E1-48AF-A3E6-7E1CA22C8A02}.Ad-Hoc|iPhone.Build.0 = Debug|Any CPU
		{052A0660-04E1-48AF-A3E6-7E1CA22C8A02}.Ad-Hoc|iPhoneSimulator.ActiveCfg = Debug|Any CPU
		{052A0660-04E1-48AF-A3E6-7E1CA22C8A02}.Ad-Hoc|iPhoneSimulator.Build.0 = Debug|Any CPU
		{052A0660-04E1-48AF-A3E6-7E1CA22C8A02}.Ad-Hoc|x64.ActiveCfg = Debug|Any CPU
		{052A0660-04E1-48AF-A3E6-7E1CA22C8A02}.Ad-Hoc|x64.Build.0 = Debug|Any CPU
		{052A0660-04E1-48AF-A3E6-7E1CA22C8A02}.Ad-Hoc|x86.ActiveCfg = Debug|Any CPU
		{052A0660-04E1-48AF-A3E6-7E1CA22C8A02}.Ad-Hoc|x86.Build.0 = Debug|Any CPU
		{052A0660-04E1-48AF-A3E6-7E1CA22C8A02}.AppStore|Any CPU.ActiveCfg = Debug|Any CPU
		{052A0660-04E1-48AF-A3E6-7E1CA22C8A02}.AppStore|Any CPU.Build.0 = Debug|Any CPU
		{052A0660-04E1-48AF-A3E6-7E1CA22C8A02}.AppStore|ARM.ActiveCfg = Debug|Any CPU
		{052A0660-04E1-48AF-A3E6-7E1CA22C8A02}.AppStore|ARM.Build.0 = Debug|Any CPU
		{052A0660-04E1-48AF-A3E6-7E1CA22C8A02}.AppStore|ARM64.ActiveCfg = Debug|Any CPU
		{052A0660-04E1-48AF-A3E6-7E1CA22C8A02}.AppStore|ARM64.Build.0 = Debug|Any CPU
		{052A0660-04E1-48AF-A3E6-7E1CA22C8A02}.AppStore|iPhone.ActiveCfg = Debug|Any CPU
		{052A0660-04E1-48AF-A3E6-7E1CA22C8A02}.AppStore|iPhone.Build.0 = Debug|Any CPU
		{052A0660-04E1-48AF-A3E6-7E1CA22C8A02}.AppStore|iPhoneSimulator.ActiveCfg = Debug|Any CPU
		{052A0660-04E1-48AF-A3E6-7E1CA22C8A02}.AppStore|iPhoneSimulator.Build.0 = Debug|Any CPU
		{052A0660-04E1-48AF-A3E6-7E1CA22C8A02}.AppStore|x64.ActiveCfg = Debug|Any CPU
		{052A0660-04E1-48AF-A3E6-7E1CA22C8A02}.AppStore|x64.Build.0 = Debug|Any CPU
		{052A0660-04E1-48AF-A3E6-7E1CA22C8A02}.AppStore|x86.ActiveCfg = Debug|Any CPU
		{052A0660-04E1-48AF-A3E6-7E1CA22C8A02}.AppStore|x86.Build.0 = Debug|Any CPU
		{052A0660-04E1-48AF-A3E6-7E1CA22C8A02}.Debug|Any CPU.ActiveCfg = Debug|Any CPU
		{052A0660-04E1-48AF-A3E6-7E1CA22C8A02}.Debug|Any CPU.Build.0 = Debug|Any CPU
		{052A0660-04E1-48AF-A3E6-7E1CA22C8A02}.Debug|ARM.ActiveCfg = Debug|Any CPU
		{052A0660-04E1-48AF-A3E6-7E1CA22C8A02}.Debug|ARM.Build.0 = Debug|Any CPU
		{052A0660-04E1-48AF-A3E6-7E1CA22C8A02}.Debug|ARM64.ActiveCfg = Debug|Any CPU
		{052A0660-04E1-48AF-A3E6-7E1CA22C8A02}.Debug|ARM64.Build.0 = Debug|Any CPU
		{052A0660-04E1-48AF-A3E6-7E1CA22C8A02}.Debug|iPhone.ActiveCfg = Debug|Any CPU
		{052A0660-04E1-48AF-A3E6-7E1CA22C8A02}.Debug|iPhone.Build.0 = Debug|Any CPU
		{052A0660-04E1-48AF-A3E6-7E1CA22C8A02}.Debug|iPhoneSimulator.ActiveCfg = Debug|Any CPU
		{052A0660-04E1-48AF-A3E6-7E1CA22C8A02}.Debug|iPhoneSimulator.Build.0 = Debug|Any CPU
		{052A0660-04E1-48AF-A3E6-7E1CA22C8A02}.Debug|x64.ActiveCfg = Debug|Any CPU
		{052A0660-04E1-48AF-A3E6-7E1CA22C8A02}.Debug|x64.Build.0 = Debug|Any CPU
		{052A0660-04E1-48AF-A3E6-7E1CA22C8A02}.Debug|x86.ActiveCfg = Debug|Any CPU
		{052A0660-04E1-48AF-A3E6-7E1CA22C8A02}.Debug|x86.Build.0 = Debug|Any CPU
		{052A0660-04E1-48AF-A3E6-7E1CA22C8A02}.Release|Any CPU.ActiveCfg = Release|Any CPU
		{052A0660-04E1-48AF-A3E6-7E1CA22C8A02}.Release|Any CPU.Build.0 = Release|Any CPU
		{052A0660-04E1-48AF-A3E6-7E1CA22C8A02}.Release|ARM.ActiveCfg = Release|Any CPU
		{052A0660-04E1-48AF-A3E6-7E1CA22C8A02}.Release|ARM.Build.0 = Release|Any CPU
		{052A0660-04E1-48AF-A3E6-7E1CA22C8A02}.Release|ARM64.ActiveCfg = Release|Any CPU
		{052A0660-04E1-48AF-A3E6-7E1CA22C8A02}.Release|ARM64.Build.0 = Release|Any CPU
		{052A0660-04E1-48AF-A3E6-7E1CA22C8A02}.Release|iPhone.ActiveCfg = Release|Any CPU
		{052A0660-04E1-48AF-A3E6-7E1CA22C8A02}.Release|iPhone.Build.0 = Release|Any CPU
		{052A0660-04E1-48AF-A3E6-7E1CA22C8A02}.Release|iPhoneSimulator.ActiveCfg = Release|Any CPU
		{052A0660-04E1-48AF-A3E6-7E1CA22C8A02}.Release|iPhoneSimulator.Build.0 = Release|Any CPU
		{052A0660-04E1-48AF-A3E6-7E1CA22C8A02}.Release|x64.ActiveCfg = Release|Any CPU
		{052A0660-04E1-48AF-A3E6-7E1CA22C8A02}.Release|x64.Build.0 = Release|Any CPU
		{052A0660-04E1-48AF-A3E6-7E1CA22C8A02}.Release|x86.ActiveCfg = Release|Any CPU
		{052A0660-04E1-48AF-A3E6-7E1CA22C8A02}.Release|x86.Build.0 = Release|Any CPU
		{B1511033-C332-4230-B3F5-AD66C8D8CE6C}.Ad-Hoc|Any CPU.ActiveCfg = Debug|Any CPU
		{B1511033-C332-4230-B3F5-AD66C8D8CE6C}.Ad-Hoc|Any CPU.Build.0 = Debug|Any CPU
		{B1511033-C332-4230-B3F5-AD66C8D8CE6C}.Ad-Hoc|ARM.ActiveCfg = Debug|Any CPU
		{B1511033-C332-4230-B3F5-AD66C8D8CE6C}.Ad-Hoc|ARM.Build.0 = Debug|Any CPU
		{B1511033-C332-4230-B3F5-AD66C8D8CE6C}.Ad-Hoc|ARM64.ActiveCfg = Debug|Any CPU
		{B1511033-C332-4230-B3F5-AD66C8D8CE6C}.Ad-Hoc|ARM64.Build.0 = Debug|Any CPU
		{B1511033-C332-4230-B3F5-AD66C8D8CE6C}.Ad-Hoc|iPhone.ActiveCfg = Debug|Any CPU
		{B1511033-C332-4230-B3F5-AD66C8D8CE6C}.Ad-Hoc|iPhone.Build.0 = Debug|Any CPU
		{B1511033-C332-4230-B3F5-AD66C8D8CE6C}.Ad-Hoc|iPhoneSimulator.ActiveCfg = Debug|Any CPU
		{B1511033-C332-4230-B3F5-AD66C8D8CE6C}.Ad-Hoc|iPhoneSimulator.Build.0 = Debug|Any CPU
		{B1511033-C332-4230-B3F5-AD66C8D8CE6C}.Ad-Hoc|x64.ActiveCfg = Debug|Any CPU
		{B1511033-C332-4230-B3F5-AD66C8D8CE6C}.Ad-Hoc|x64.Build.0 = Debug|Any CPU
		{B1511033-C332-4230-B3F5-AD66C8D8CE6C}.Ad-Hoc|x86.ActiveCfg = Debug|Any CPU
		{B1511033-C332-4230-B3F5-AD66C8D8CE6C}.Ad-Hoc|x86.Build.0 = Debug|Any CPU
		{B1511033-C332-4230-B3F5-AD66C8D8CE6C}.AppStore|Any CPU.ActiveCfg = Debug|Any CPU
		{B1511033-C332-4230-B3F5-AD66C8D8CE6C}.AppStore|Any CPU.Build.0 = Debug|Any CPU
		{B1511033-C332-4230-B3F5-AD66C8D8CE6C}.AppStore|ARM.ActiveCfg = Debug|Any CPU
		{B1511033-C332-4230-B3F5-AD66C8D8CE6C}.AppStore|ARM.Build.0 = Debug|Any CPU
		{B1511033-C332-4230-B3F5-AD66C8D8CE6C}.AppStore|ARM64.ActiveCfg = Debug|Any CPU
		{B1511033-C332-4230-B3F5-AD66C8D8CE6C}.AppStore|ARM64.Build.0 = Debug|Any CPU
		{B1511033-C332-4230-B3F5-AD66C8D8CE6C}.AppStore|iPhone.ActiveCfg = Debug|Any CPU
		{B1511033-C332-4230-B3F5-AD66C8D8CE6C}.AppStore|iPhone.Build.0 = Debug|Any CPU
		{B1511033-C332-4230-B3F5-AD66C8D8CE6C}.AppStore|iPhoneSimulator.ActiveCfg = Debug|Any CPU
		{B1511033-C332-4230-B3F5-AD66C8D8CE6C}.AppStore|iPhoneSimulator.Build.0 = Debug|Any CPU
		{B1511033-C332-4230-B3F5-AD66C8D8CE6C}.AppStore|x64.ActiveCfg = Debug|Any CPU
		{B1511033-C332-4230-B3F5-AD66C8D8CE6C}.AppStore|x64.Build.0 = Debug|Any CPU
		{B1511033-C332-4230-B3F5-AD66C8D8CE6C}.AppStore|x86.ActiveCfg = Debug|Any CPU
		{B1511033-C332-4230-B3F5-AD66C8D8CE6C}.AppStore|x86.Build.0 = Debug|Any CPU
		{B1511033-C332-4230-B3F5-AD66C8D8CE6C}.Debug|Any CPU.ActiveCfg = Debug|Any CPU
		{B1511033-C332-4230-B3F5-AD66C8D8CE6C}.Debug|Any CPU.Build.0 = Debug|Any CPU
		{B1511033-C332-4230-B3F5-AD66C8D8CE6C}.Debug|ARM.ActiveCfg = Debug|Any CPU
		{B1511033-C332-4230-B3F5-AD66C8D8CE6C}.Debug|ARM.Build.0 = Debug|Any CPU
		{B1511033-C332-4230-B3F5-AD66C8D8CE6C}.Debug|ARM64.ActiveCfg = Debug|Any CPU
		{B1511033-C332-4230-B3F5-AD66C8D8CE6C}.Debug|ARM64.Build.0 = Debug|Any CPU
		{B1511033-C332-4230-B3F5-AD66C8D8CE6C}.Debug|iPhone.ActiveCfg = Debug|Any CPU
		{B1511033-C332-4230-B3F5-AD66C8D8CE6C}.Debug|iPhone.Build.0 = Debug|Any CPU
		{B1511033-C332-4230-B3F5-AD66C8D8CE6C}.Debug|iPhoneSimulator.ActiveCfg = Debug|Any CPU
		{B1511033-C332-4230-B3F5-AD66C8D8CE6C}.Debug|iPhoneSimulator.Build.0 = Debug|Any CPU
		{B1511033-C332-4230-B3F5-AD66C8D8CE6C}.Debug|x64.ActiveCfg = Debug|Any CPU
		{B1511033-C332-4230-B3F5-AD66C8D8CE6C}.Debug|x64.Build.0 = Debug|Any CPU
		{B1511033-C332-4230-B3F5-AD66C8D8CE6C}.Debug|x86.ActiveCfg = Debug|Any CPU
		{B1511033-C332-4230-B3F5-AD66C8D8CE6C}.Debug|x86.Build.0 = Debug|Any CPU
		{B1511033-C332-4230-B3F5-AD66C8D8CE6C}.Release|Any CPU.ActiveCfg = Release|Any CPU
		{B1511033-C332-4230-B3F5-AD66C8D8CE6C}.Release|Any CPU.Build.0 = Release|Any CPU
		{B1511033-C332-4230-B3F5-AD66C8D8CE6C}.Release|ARM.ActiveCfg = Release|Any CPU
		{B1511033-C332-4230-B3F5-AD66C8D8CE6C}.Release|ARM.Build.0 = Release|Any CPU
		{B1511033-C332-4230-B3F5-AD66C8D8CE6C}.Release|ARM64.ActiveCfg = Release|Any CPU
		{B1511033-C332-4230-B3F5-AD66C8D8CE6C}.Release|ARM64.Build.0 = Release|Any CPU
		{B1511033-C332-4230-B3F5-AD66C8D8CE6C}.Release|iPhone.ActiveCfg = Release|Any CPU
		{B1511033-C332-4230-B3F5-AD66C8D8CE6C}.Release|iPhone.Build.0 = Release|Any CPU
		{B1511033-C332-4230-B3F5-AD66C8D8CE6C}.Release|iPhoneSimulator.ActiveCfg = Release|Any CPU
		{B1511033-C332-4230-B3F5-AD66C8D8CE6C}.Release|iPhoneSimulator.Build.0 = Release|Any CPU
		{B1511033-C332-4230-B3F5-AD66C8D8CE6C}.Release|x64.ActiveCfg = Release|Any CPU
		{B1511033-C332-4230-B3F5-AD66C8D8CE6C}.Release|x64.Build.0 = Release|Any CPU
		{B1511033-C332-4230-B3F5-AD66C8D8CE6C}.Release|x86.ActiveCfg = Release|Any CPU
		{B1511033-C332-4230-B3F5-AD66C8D8CE6C}.Release|x86.Build.0 = Release|Any CPU
		{B394F474-FB68-4A23-B755-359D7BD3DD07}.Ad-Hoc|Any CPU.ActiveCfg = Debug|Any CPU
		{B394F474-FB68-4A23-B755-359D7BD3DD07}.Ad-Hoc|Any CPU.Build.0 = Debug|Any CPU
		{B394F474-FB68-4A23-B755-359D7BD3DD07}.Ad-Hoc|ARM.ActiveCfg = Debug|Any CPU
		{B394F474-FB68-4A23-B755-359D7BD3DD07}.Ad-Hoc|ARM.Build.0 = Debug|Any CPU
		{B394F474-FB68-4A23-B755-359D7BD3DD07}.Ad-Hoc|ARM64.ActiveCfg = Debug|Any CPU
		{B394F474-FB68-4A23-B755-359D7BD3DD07}.Ad-Hoc|ARM64.Build.0 = Debug|Any CPU
		{B394F474-FB68-4A23-B755-359D7BD3DD07}.Ad-Hoc|iPhone.ActiveCfg = Debug|Any CPU
		{B394F474-FB68-4A23-B755-359D7BD3DD07}.Ad-Hoc|iPhone.Build.0 = Debug|Any CPU
		{B394F474-FB68-4A23-B755-359D7BD3DD07}.Ad-Hoc|iPhoneSimulator.ActiveCfg = Debug|Any CPU
		{B394F474-FB68-4A23-B755-359D7BD3DD07}.Ad-Hoc|iPhoneSimulator.Build.0 = Debug|Any CPU
		{B394F474-FB68-4A23-B755-359D7BD3DD07}.Ad-Hoc|x64.ActiveCfg = Debug|Any CPU
		{B394F474-FB68-4A23-B755-359D7BD3DD07}.Ad-Hoc|x64.Build.0 = Debug|Any CPU
		{B394F474-FB68-4A23-B755-359D7BD3DD07}.Ad-Hoc|x86.ActiveCfg = Debug|Any CPU
		{B394F474-FB68-4A23-B755-359D7BD3DD07}.Ad-Hoc|x86.Build.0 = Debug|Any CPU
		{B394F474-FB68-4A23-B755-359D7BD3DD07}.AppStore|Any CPU.ActiveCfg = Debug|Any CPU
		{B394F474-FB68-4A23-B755-359D7BD3DD07}.AppStore|Any CPU.Build.0 = Debug|Any CPU
		{B394F474-FB68-4A23-B755-359D7BD3DD07}.AppStore|ARM.ActiveCfg = Debug|Any CPU
		{B394F474-FB68-4A23-B755-359D7BD3DD07}.AppStore|ARM.Build.0 = Debug|Any CPU
		{B394F474-FB68-4A23-B755-359D7BD3DD07}.AppStore|ARM64.ActiveCfg = Debug|Any CPU
		{B394F474-FB68-4A23-B755-359D7BD3DD07}.AppStore|ARM64.Build.0 = Debug|Any CPU
		{B394F474-FB68-4A23-B755-359D7BD3DD07}.AppStore|iPhone.ActiveCfg = Debug|Any CPU
		{B394F474-FB68-4A23-B755-359D7BD3DD07}.AppStore|iPhone.Build.0 = Debug|Any CPU
		{B394F474-FB68-4A23-B755-359D7BD3DD07}.AppStore|iPhoneSimulator.ActiveCfg = Debug|Any CPU
		{B394F474-FB68-4A23-B755-359D7BD3DD07}.AppStore|iPhoneSimulator.Build.0 = Debug|Any CPU
		{B394F474-FB68-4A23-B755-359D7BD3DD07}.AppStore|x64.ActiveCfg = Debug|Any CPU
		{B394F474-FB68-4A23-B755-359D7BD3DD07}.AppStore|x64.Build.0 = Debug|Any CPU
		{B394F474-FB68-4A23-B755-359D7BD3DD07}.AppStore|x86.ActiveCfg = Debug|Any CPU
		{B394F474-FB68-4A23-B755-359D7BD3DD07}.AppStore|x86.Build.0 = Debug|Any CPU
		{B394F474-FB68-4A23-B755-359D7BD3DD07}.Debug|Any CPU.ActiveCfg = Debug|Any CPU
		{B394F474-FB68-4A23-B755-359D7BD3DD07}.Debug|Any CPU.Build.0 = Debug|Any CPU
		{B394F474-FB68-4A23-B755-359D7BD3DD07}.Debug|ARM.ActiveCfg = Debug|Any CPU
		{B394F474-FB68-4A23-B755-359D7BD3DD07}.Debug|ARM.Build.0 = Debug|Any CPU
		{B394F474-FB68-4A23-B755-359D7BD3DD07}.Debug|ARM64.ActiveCfg = Debug|Any CPU
		{B394F474-FB68-4A23-B755-359D7BD3DD07}.Debug|ARM64.Build.0 = Debug|Any CPU
		{B394F474-FB68-4A23-B755-359D7BD3DD07}.Debug|iPhone.ActiveCfg = Debug|Any CPU
		{B394F474-FB68-4A23-B755-359D7BD3DD07}.Debug|iPhone.Build.0 = Debug|Any CPU
		{B394F474-FB68-4A23-B755-359D7BD3DD07}.Debug|iPhoneSimulator.ActiveCfg = Debug|Any CPU
		{B394F474-FB68-4A23-B755-359D7BD3DD07}.Debug|iPhoneSimulator.Build.0 = Debug|Any CPU
		{B394F474-FB68-4A23-B755-359D7BD3DD07}.Debug|x64.ActiveCfg = Debug|Any CPU
		{B394F474-FB68-4A23-B755-359D7BD3DD07}.Debug|x64.Build.0 = Debug|Any CPU
		{B394F474-FB68-4A23-B755-359D7BD3DD07}.Debug|x86.ActiveCfg = Debug|Any CPU
		{B394F474-FB68-4A23-B755-359D7BD3DD07}.Debug|x86.Build.0 = Debug|Any CPU
		{B394F474-FB68-4A23-B755-359D7BD3DD07}.Release|Any CPU.ActiveCfg = Release|Any CPU
		{B394F474-FB68-4A23-B755-359D7BD3DD07}.Release|Any CPU.Build.0 = Release|Any CPU
		{B394F474-FB68-4A23-B755-359D7BD3DD07}.Release|ARM.ActiveCfg = Release|Any CPU
		{B394F474-FB68-4A23-B755-359D7BD3DD07}.Release|ARM.Build.0 = Release|Any CPU
		{B394F474-FB68-4A23-B755-359D7BD3DD07}.Release|ARM64.ActiveCfg = Release|Any CPU
		{B394F474-FB68-4A23-B755-359D7BD3DD07}.Release|ARM64.Build.0 = Release|Any CPU
		{B394F474-FB68-4A23-B755-359D7BD3DD07}.Release|iPhone.ActiveCfg = Release|Any CPU
		{B394F474-FB68-4A23-B755-359D7BD3DD07}.Release|iPhone.Build.0 = Release|Any CPU
		{B394F474-FB68-4A23-B755-359D7BD3DD07}.Release|iPhoneSimulator.ActiveCfg = Release|Any CPU
		{B394F474-FB68-4A23-B755-359D7BD3DD07}.Release|iPhoneSimulator.Build.0 = Release|Any CPU
		{B394F474-FB68-4A23-B755-359D7BD3DD07}.Release|x64.ActiveCfg = Release|Any CPU
		{B394F474-FB68-4A23-B755-359D7BD3DD07}.Release|x64.Build.0 = Release|Any CPU
		{B394F474-FB68-4A23-B755-359D7BD3DD07}.Release|x86.ActiveCfg = Release|Any CPU
		{B394F474-FB68-4A23-B755-359D7BD3DD07}.Release|x86.Build.0 = Release|Any CPU
		{D8D845C2-BAB9-4897-A7E1-8F24124300D2}.Ad-Hoc|Any CPU.ActiveCfg = Debug|Any CPU
		{D8D845C2-BAB9-4897-A7E1-8F24124300D2}.Ad-Hoc|Any CPU.Build.0 = Debug|Any CPU
		{D8D845C2-BAB9-4897-A7E1-8F24124300D2}.Ad-Hoc|ARM.ActiveCfg = Debug|Any CPU
		{D8D845C2-BAB9-4897-A7E1-8F24124300D2}.Ad-Hoc|ARM.Build.0 = Debug|Any CPU
		{D8D845C2-BAB9-4897-A7E1-8F24124300D2}.Ad-Hoc|ARM64.ActiveCfg = Debug|Any CPU
		{D8D845C2-BAB9-4897-A7E1-8F24124300D2}.Ad-Hoc|ARM64.Build.0 = Debug|Any CPU
		{D8D845C2-BAB9-4897-A7E1-8F24124300D2}.Ad-Hoc|iPhone.ActiveCfg = Debug|Any CPU
		{D8D845C2-BAB9-4897-A7E1-8F24124300D2}.Ad-Hoc|iPhone.Build.0 = Debug|Any CPU
		{D8D845C2-BAB9-4897-A7E1-8F24124300D2}.Ad-Hoc|iPhoneSimulator.ActiveCfg = Debug|Any CPU
		{D8D845C2-BAB9-4897-A7E1-8F24124300D2}.Ad-Hoc|iPhoneSimulator.Build.0 = Debug|Any CPU
		{D8D845C2-BAB9-4897-A7E1-8F24124300D2}.Ad-Hoc|x64.ActiveCfg = Debug|Any CPU
		{D8D845C2-BAB9-4897-A7E1-8F24124300D2}.Ad-Hoc|x64.Build.0 = Debug|Any CPU
		{D8D845C2-BAB9-4897-A7E1-8F24124300D2}.Ad-Hoc|x86.ActiveCfg = Debug|Any CPU
		{D8D845C2-BAB9-4897-A7E1-8F24124300D2}.Ad-Hoc|x86.Build.0 = Debug|Any CPU
		{D8D845C2-BAB9-4897-A7E1-8F24124300D2}.AppStore|Any CPU.ActiveCfg = Debug|Any CPU
		{D8D845C2-BAB9-4897-A7E1-8F24124300D2}.AppStore|Any CPU.Build.0 = Debug|Any CPU
		{D8D845C2-BAB9-4897-A7E1-8F24124300D2}.AppStore|ARM.ActiveCfg = Debug|Any CPU
		{D8D845C2-BAB9-4897-A7E1-8F24124300D2}.AppStore|ARM.Build.0 = Debug|Any CPU
		{D8D845C2-BAB9-4897-A7E1-8F24124300D2}.AppStore|ARM64.ActiveCfg = Debug|Any CPU
		{D8D845C2-BAB9-4897-A7E1-8F24124300D2}.AppStore|ARM64.Build.0 = Debug|Any CPU
		{D8D845C2-BAB9-4897-A7E1-8F24124300D2}.AppStore|iPhone.ActiveCfg = Debug|Any CPU
		{D8D845C2-BAB9-4897-A7E1-8F24124300D2}.AppStore|iPhone.Build.0 = Debug|Any CPU
		{D8D845C2-BAB9-4897-A7E1-8F24124300D2}.AppStore|iPhoneSimulator.ActiveCfg = Debug|Any CPU
		{D8D845C2-BAB9-4897-A7E1-8F24124300D2}.AppStore|iPhoneSimulator.Build.0 = Debug|Any CPU
		{D8D845C2-BAB9-4897-A7E1-8F24124300D2}.AppStore|x64.ActiveCfg = Debug|Any CPU
		{D8D845C2-BAB9-4897-A7E1-8F24124300D2}.AppStore|x64.Build.0 = Debug|Any CPU
		{D8D845C2-BAB9-4897-A7E1-8F24124300D2}.AppStore|x86.ActiveCfg = Debug|Any CPU
		{D8D845C2-BAB9-4897-A7E1-8F24124300D2}.AppStore|x86.Build.0 = Debug|Any CPU
		{D8D845C2-BAB9-4897-A7E1-8F24124300D2}.Debug|Any CPU.ActiveCfg = Debug|Any CPU
		{D8D845C2-BAB9-4897-A7E1-8F24124300D2}.Debug|Any CPU.Build.0 = Debug|Any CPU
		{D8D845C2-BAB9-4897-A7E1-8F24124300D2}.Debug|ARM.ActiveCfg = Debug|Any CPU
		{D8D845C2-BAB9-4897-A7E1-8F24124300D2}.Debug|ARM.Build.0 = Debug|Any CPU
		{D8D845C2-BAB9-4897-A7E1-8F24124300D2}.Debug|ARM64.ActiveCfg = Debug|Any CPU
		{D8D845C2-BAB9-4897-A7E1-8F24124300D2}.Debug|ARM64.Build.0 = Debug|Any CPU
		{D8D845C2-BAB9-4897-A7E1-8F24124300D2}.Debug|iPhone.ActiveCfg = Debug|Any CPU
		{D8D845C2-BAB9-4897-A7E1-8F24124300D2}.Debug|iPhone.Build.0 = Debug|Any CPU
		{D8D845C2-BAB9-4897-A7E1-8F24124300D2}.Debug|iPhoneSimulator.ActiveCfg = Debug|Any CPU
		{D8D845C2-BAB9-4897-A7E1-8F24124300D2}.Debug|iPhoneSimulator.Build.0 = Debug|Any CPU
		{D8D845C2-BAB9-4897-A7E1-8F24124300D2}.Debug|x64.ActiveCfg = Debug|Any CPU
		{D8D845C2-BAB9-4897-A7E1-8F24124300D2}.Debug|x64.Build.0 = Debug|Any CPU
		{D8D845C2-BAB9-4897-A7E1-8F24124300D2}.Debug|x86.ActiveCfg = Debug|Any CPU
		{D8D845C2-BAB9-4897-A7E1-8F24124300D2}.Debug|x86.Build.0 = Debug|Any CPU
		{D8D845C2-BAB9-4897-A7E1-8F24124300D2}.Release|Any CPU.ActiveCfg = Release|Any CPU
		{D8D845C2-BAB9-4897-A7E1-8F24124300D2}.Release|Any CPU.Build.0 = Release|Any CPU
		{D8D845C2-BAB9-4897-A7E1-8F24124300D2}.Release|ARM.ActiveCfg = Release|Any CPU
		{D8D845C2-BAB9-4897-A7E1-8F24124300D2}.Release|ARM.Build.0 = Release|Any CPU
		{D8D845C2-BAB9-4897-A7E1-8F24124300D2}.Release|ARM64.ActiveCfg = Release|Any CPU
		{D8D845C2-BAB9-4897-A7E1-8F24124300D2}.Release|ARM64.Build.0 = Release|Any CPU
		{D8D845C2-BAB9-4897-A7E1-8F24124300D2}.Release|iPhone.ActiveCfg = Release|Any CPU
		{D8D845C2-BAB9-4897-A7E1-8F24124300D2}.Release|iPhone.Build.0 = Release|Any CPU
		{D8D845C2-BAB9-4897-A7E1-8F24124300D2}.Release|iPhoneSimulator.ActiveCfg = Release|Any CPU
		{D8D845C2-BAB9-4897-A7E1-8F24124300D2}.Release|iPhoneSimulator.Build.0 = Release|Any CPU
		{D8D845C2-BAB9-4897-A7E1-8F24124300D2}.Release|x64.ActiveCfg = Release|Any CPU
		{D8D845C2-BAB9-4897-A7E1-8F24124300D2}.Release|x64.Build.0 = Release|Any CPU
		{D8D845C2-BAB9-4897-A7E1-8F24124300D2}.Release|x86.ActiveCfg = Release|Any CPU
		{D8D845C2-BAB9-4897-A7E1-8F24124300D2}.Release|x86.Build.0 = Release|Any CPU
	EndGlobalSection
	GlobalSection(SolutionProperties) = preSolution
		HideSolutionNode = FALSE
	EndGlobalSection
	GlobalSection(NestedProjects) = preSolution
		{544064AE-0562-4F19-A4C0-0EA83CD0727A} = {2EAF4A4A-0A03-4CD4-BC16-041E93C8EBF4}
		{FBA52A27-C378-406D-96A8-06C59EA9D535} = {2EAF4A4A-0A03-4CD4-BC16-041E93C8EBF4}
		{16BCE969-7029-4766-8A29-6B983186CFF2} = {2EAF4A4A-0A03-4CD4-BC16-041E93C8EBF4}
		{6EA96D74-8E0D-4F99-9EBC-169B10FCFAB4} = {2EAF4A4A-0A03-4CD4-BC16-041E93C8EBF4}
		{A931EB5F-5388-4A8F-A704-E55A69BE0E3D} = {2EAF4A4A-0A03-4CD4-BC16-041E93C8EBF4}
		{052A0660-04E1-48AF-A3E6-7E1CA22C8A02} = {2EAF4A4A-0A03-4CD4-BC16-041E93C8EBF4}
		{B1511033-C332-4230-B3F5-AD66C8D8CE6C} = {2EAF4A4A-0A03-4CD4-BC16-041E93C8EBF4}
		{B394F474-FB68-4A23-B755-359D7BD3DD07} = {2EAF4A4A-0A03-4CD4-BC16-041E93C8EBF4}
		{D8D845C2-BAB9-4897-A7E1-8F24124300D2} = {2EAF4A4A-0A03-4CD4-BC16-041E93C8EBF4}
	EndGlobalSection
	GlobalSection(ExtensibilityGlobals) = postSolution
		SolutionGuid = {C83292DC-5E19-4C23-846B-66516B4ADAA6}
	EndGlobalSection
EndGlobal
